---
lockfileVersion: '9.0'

importers:

  .:
    configDependencies: {}
    packageManagerDependencies:
      '@pnpm/exe':
        specifier: 11.5.2
        version: 11.5.2
      pnpm:
        specifier: 11.5.2
        version: 11.5.2

packages:

  '@pnpm/exe@11.5.2':
    resolution: {integrity: sha512-4UFnP2rhNu1xjAQ+I1GdIUUEtCJuTYJlbpiWSFA4POAID3Lpt+2vrjImWO7eOJ7iCY3vpc4TFe2IW3sAolW4Kg==}
    hasBin: true

  '@pnpm/linux-arm64@11.5.2':
    resolution: {integrity: sha512-MbJySnu2y9cCBqlODLjUlZ87JnRC3Inq40rvGHWJSrSQ0PnuHeSw2NDMnLI8Hf9hCY+ooussRc5iiR4IAkjUvg==}
    cpu: [arm64]
    os: [linux]

  '@pnpm/linux-x64@11.5.2':
    resolution: {integrity: sha512-g6g2BGpQA47wUACy6B1MdeSHPtnl6x4AeCg0IOWQ7xXorEtC+VRiSHhLpA5kByFGeSwyYh/nLc7mLul5DAaELw==}
    cpu: [x64]
    os: [linux]

  '@pnpm/linuxstatic-arm64@11.5.2':
    resolution: {integrity: sha512-xTxs9BLxYW39BPNGnmvYCUBnMPWm4mzmzujmdYbpRxDnBXrx55qPR5K/3LSohX7VrmsdDrYxuH6AmG1AaOlIfA==}
    cpu: [arm64]
    os: [linux]
    libc: [musl]

  '@pnpm/linuxstatic-x64@11.5.2':
    resolution: {integrity: sha512-RGmmc/SoGLD90gmOHcU85UEKNoNRstLvizli4wzDASmETz/VeqJOqU5nD1YBgjzcP72sUMS352dh4bmzTfKyvQ==}
    cpu: [x64]
    os: [linux]
    libc: [musl]

  '@pnpm/macos-arm64@11.5.2':
    resolution: {integrity: sha512-gW3A2jRlC3SJRw8qX2SAzjMIu9o98daTSqCKzeeYcjF/uEbtbz3dn4HqYrYffBnenKbc4hsgZQmNOHAvUKIlSg==}
    cpu: [arm64]
    os: [darwin]

  '@pnpm/win-arm64@11.5.2':
    resolution: {integrity: sha512-+VJCDoH/pRzLXBikwjvxgAnGfQufT8EALBX8cfSmrwD40JABUZvgPtjBjde7OwEoK/XwtlH8w+ZceFV0K3/YHQ==}
    cpu: [arm64]
    os: [win32]

  '@pnpm/win-x64@11.5.2':
    resolution: {integrity: sha512-zgglREh75RbFgV/E0tNRS03ElX+hJOV43KRSSeaboxtj3ei1rrguxOgOCXUs/GsizoHVsuD+qXGABE4Kc4GMCg==}
    cpu: [x64]
    os: [win32]

  '@reflink/reflink-darwin-arm64@0.1.19':
    resolution: {integrity: sha512-ruy44Lpepdk1FqDz38vExBY/PVUsjxZA+chd9wozjUH9JjuDT/HEaQYA6wYN9mf041l0yLVar6BCZuWABJvHSA==}
    engines: {node: '>= 10'}
    cpu: [arm64]
    os: [darwin]

  '@reflink/reflink-darwin-x64@0.1.19':
    resolution: {integrity: sha512-By85MSWrMZa+c26TcnAy8SDk0sTUkYlNnwknSchkhHpGXOtjNDUOxJE9oByBnGbeuIE1PiQsxDG3Ud+IVV9yuA==}
    engines: {node: '>= 10'}
    cpu: [x64]
    os: [darwin]

  '@reflink/reflink-linux-arm64-gnu@0.1.19':
    resolution: {integrity: sha512-7P+er8+rP9iNeN+bfmccM4hTAaLP6PQJPKWSA4iSk2bNvo6KU6RyPgYeHxXmzNKzPVRcypZQTpFgstHam6maVg==}
    engines: {node: '>= 10'}
    cpu: [arm64]
    os: [linux]
    libc: [glibc]

  '@reflink/reflink-linux-arm64-musl@0.1.19':
    resolution: {integrity: sha512-37iO/Dp6m5DDaC2sf3zPtx/hl9FV3Xze4xoYidrxxS9bgP3S8ALroxRK6xBG/1TtfXKTvolvp+IjrUU6ujIGmA==}
    engines: {node: '>= 10'}
    cpu: [arm64]
    os: [linux]
    libc: [musl]

  '@reflink/reflink-linux-x64-gnu@0.1.19':
    resolution: {integrity: sha512-jbI8jvuYCaA3MVUdu8vLoLAFqC+iNMpiSuLbxlAgg7x3K5bsS8nOpTRnkLF7vISJ+rVR8W+7ThXlXlUQ93ulkw==}
    engines: {node: '>= 10'}
    cpu: [x64]
    os: [linux]
    libc: [glibc]

  '@reflink/reflink-linux-x64-musl@0.1.19':
    resolution: {integrity: sha512-e9FBWDe+lv7QKAwtKOt6A2W/fyy/aEEfr0g6j/hWzvQcrzHCsz07BNQYlNOjTfeytrtLU7k449H1PI95jA4OjQ==}
    engines: {node: '>= 10'}
    cpu: [x64]
    os: [linux]
    libc: [musl]

  '@reflink/reflink-win32-arm64-msvc@0.1.19':
    resolution: {integrity: sha512-09PxnVIQcd+UOn4WAW73WU6PXL7DwGS6wPlkMhMg2zlHHG65F3vHepOw06HFCq+N42qkaNAc8AKIabWvtk6cIQ==}
    engines: {node: '>= 10'}
    cpu: [arm64]
    os: [win32]

  '@reflink/reflink-win32-x64-msvc@0.1.19':
    resolution: {integrity: sha512-E//yT4ni2SyhwP8JRjVGWr3cbnhWDiPLgnQ66qqaanjjnMiu3O/2tjCPQXlcGc/DEYofpDc9fvhv6tALQsMV9w==}
    engines: {node: '>= 10'}
    cpu: [x64]
    os: [win32]

  '@reflink/reflink@0.1.19':
    resolution: {integrity: sha512-DmCG8GzysnCZ15bres3N5AHCmwBwYgp0As6xjhQ47rAUTUXxJiK+lLUxaGsX3hd/30qUpVElh05PbGuxRPgJwA==}
    engines: {node: '>= 10'}

  detect-libc@2.1.2:
    resolution: {integrity: sha512-Btj2BOOO83o3WyH59e8MgXsxEQVcarkUOpEYrubB0urwnN10yQ364rsiByU11nZlqWYZm05i/of7io4mzihBtQ==}
    engines: {node: '>=8'}

  pnpm@11.5.2:
    resolution: {integrity: sha512-ccYx44IGbvwlYl1c8CkHXeB7YbN/bic1D72Esb2lhkyMGWetwoB3a0XDCnFcA1mjvgj+9C1bsJ4rmQKZeWkpFg==}
    engines: {node: '>=22.13'}
    hasBin: true

snapshots:

  '@pnpm/exe@11.5.2':
    dependencies:
      '@reflink/reflink': 0.1.19
      detect-libc: 2.1.2
    optionalDependencies:
      '@pnpm/linux-arm64': 11.5.2
      '@pnpm/linux-x64': 11.5.2
      '@pnpm/linuxstatic-arm64': 11.5.2
      '@pnpm/linuxstatic-x64': 11.5.2
      '@pnpm/macos-arm64': 11.5.2
      '@pnpm/win-arm64': 11.5.2
      '@pnpm/win-x64': 11.5.2

  '@pnpm/linux-arm64@11.5.2':
    optional: true

  '@pnpm/linux-x64@11.5.2':
    optional: true

  '@pnpm/linuxstatic-arm64@11.5.2':
    optional: true

  '@pnpm/linuxstatic-x64@11.5.2':
    optional: true

  '@pnpm/macos-arm64@11.5.2':
    optional: true

  '@pnpm/win-arm64@11.5.2':
    optional: true

  '@pnpm/win-x64@11.5.2':
    optional: true

  '@reflink/reflink-darwin-arm64@0.1.19':
    optional: true

  '@reflink/reflink-darwin-x64@0.1.19':
    optional: true

  '@reflink/reflink-linux-arm64-gnu@0.1.19':
    optional: true

  '@reflink/reflink-linux-arm64-musl@0.1.19':
    optional: true

  '@reflink/reflink-linux-x64-gnu@0.1.19':
    optional: true

  '@reflink/reflink-linux-x64-musl@0.1.19':
    optional: true

  '@reflink/reflink-win32-arm64-msvc@0.1.19':
    optional: true

  '@reflink/reflink-win32-x64-msvc@0.1.19':
    optional: true

  '@reflink/reflink@0.1.19':
    optionalDependencies:
      '@reflink/reflink-darwin-arm64': 0.1.19
      '@reflink/reflink-darwin-x64': 0.1.19
      '@reflink/reflink-linux-arm64-gnu': 0.1.19
      '@reflink/reflink-linux-arm64-musl': 0.1.19
      '@reflink/reflink-linux-x64-gnu': 0.1.19
      '@reflink/reflink-linux-x64-musl': 0.1.19
      '@reflink/reflink-win32-arm64-msvc': 0.1.19
      '@reflink/reflink-win32-x64-msvc': 0.1.19

  detect-libc@2.1.2: {}

  pnpm@11.5.2: {}

---
lockfileVersion: '9.0'

settings:
  autoInstallPeers: true
  excludeLinksFromLockfile: false

importers:

  .:
    dependencies:
      '@tanstack/ai':
        specifier: ^0.37.0
        version: 0.37.0
      '@tanstack/ai-openai':
        specifier: ^0.15.8
        version: 0.15.8(@tanstack/ai@0.37.0)(zod@3.25.76)
      gunshi:
        specifier: ^0.35.1
        version: 0.35.1
    devDependencies:
      typescript:
        specifier: 7.0.1-rc
        version: 7.0.1-rc

packages:

  '@ag-ui/core@0.0.52':
    resolution: {integrity: sha512-Xo0bUaNV56EqylzcrAuhUkQX7et7+SZIrqZZtEByGwEq/I1EHny6ZMkWHLkKR7UNi0FJZwJyhKYmKJS3B2SEgA==}

  '@standard-schema/spec@1.1.0':
    resolution: {integrity: sha512-l2aFy5jALhniG5HgqrD6jXLi/rUWrKvqN/qJx6yoJsgKhblVd+iqqU4RCXavm/jPityDo5TCvKMnpjKnOriy0w==}

  '@tanstack/ai-event-client@0.6.8':
    resolution: {integrity: sha512-h7/HLz9u2LF9ba6uKFMnSZkFlkzQONJ5u3Hi+4qGxpsHyvcGRtW6v186jaFLoklndhEwyC49ytkC4eafi7Qq8w==}

  '@tanstack/ai-openai@0.15.8':
    resolution: {integrity: sha512-ifSu2ybVoO1ic72CuvYkCYemfSWhG4MEbY3rMzKeDTNxTWTlssHa/iTFfXGzLfjIqlFcrKPRG8cxwrND5whNBg==}
    peerDependencies:
      '@tanstack/ai': ^0.37.0
      zod: ^4.0.0

  '@tanstack/ai-utils@0.3.1':
    resolution: {integrity: sha512-fgbjd5DohL3k5rTWr/KInauLVYMiHVm0cnmTsNrzL3cr4wWhEld5vmFSrjiwUWACAuONjZa+uBXuS+ZSO8fwDQ==}

  '@tanstack/ai@0.37.0':
    resolution: {integrity: sha512-5vM8XCBUyk6whQZ7gAiM1nX+NqvOAOZqAJrFxlo6g+vIvIfqfNqcD378E7kmZIIt5idFkzA8/IH/00oQDsZRyg==}
    engines: {node: '>=18'}
    peerDependencies:
      '@opentelemetry/api': '>=1.9.0'
    peerDependenciesMeta:
      '@opentelemetry/api':
        optional: true

  '@tanstack/devtools-event-client@0.4.4':
    resolution: {integrity: sha512-6T5Yop/793YI+H+5J8Hsyj4kCih9sl4t3ElLgKioW5hk3ocn+ZdSJ94tT7vL7uabxSugWYBZlOTMPzEw2puvQw==}
    engines: {node: '>=18'}
    hasBin: true

  '@tanstack/openai-base@0.9.4':
    resolution: {integrity: sha512-8zhE5J2lkykoyGQSLdQETerKrxdBejjp5gwbhl8ZJutkQN+8hqsh3U0R2aZeS2WtpGmjsfNMDnCt79693Pyl/A==}
    peerDependencies:
      '@tanstack/ai': ^0.37.0

  '@typescript/typescript-aix-ppc64@7.0.1-rc':
    resolution: {integrity: sha512-oqq2ZfEJ7BQuufcC3QBQndZLPNyamYNHLao8lKRBeeSkZKypBqxPSgkzrcFZtbYcIaBvpiyUnQP9MT7DEYHWbw==}
    engines: {node: '>=16.20.0'}
    cpu: [ppc64]
    os: [aix]

  '@typescript/typescript-darwin-arm64@7.0.1-rc':
    resolution: {integrity: sha512-Slc0yTftT2F/uGDmtPst8ijydneL6uZaLEyr2UjahxZpbhTjHFBJ5agXtVz/TL4A+ldxzjzj+E8QtLZlh/5mXw==}
    engines: {node: '>=16.20.0'}
    cpu: [arm64]
    os: [darwin]

  '@typescript/typescript-darwin-x64@7.0.1-rc':
    resolution: {integrity: sha512-h68iFW/LbA1/BsGgSRGFw981/3s1f/rY27YrmeZNuN+ly7dI+fiDduwT9ZT9866x2onoKNRq7PTyxSKyKDzfAQ==}
    engines: {node: '>=16.20.0'}
    cpu: [x64]
    os: [darwin]

  '@typescript/typescript-freebsd-arm64@7.0.1-rc':
    resolution: {integrity: sha512-DE+ppd8Ix2c6OMuRkKY4PJ4hngMGJ9M95OQUP17p9xL/1IKXof7npIeuusMN/bgL5o5JzMfSGh+N+5scTYRg0Q==}
    engines: {node: '>=16.20.0'}
    cpu: [arm64]
    os: [freebsd]

  '@typescript/typescript-freebsd-x64@7.0.1-rc':
    resolution: {integrity: sha512-ST1ozHMw0u+CLOnWkcTyWDMV4Qn9osZ6fd1V1lnKDM1t0hZIp81mdGpdHxyHJjd7jdGrb6Gb/QXcZ1uqZ0t5zw==}
    engines: {node: '>=16.20.0'}
    cpu: [x64]
    os: [freebsd]

  '@typescript/typescript-linux-arm64@7.0.1-rc':
    resolution: {integrity: sha512-N46pRihK3t5zD5MUtTQcdmQUqr1WI4U2nxno1gLwOtRSsB4krFkRjPHcQNG7h2DtRkX64rQiReX6WKwg2wprMA==}
    engines: {node: '>=16.20.0'}
    cpu: [arm64]
    os: [linux]

  '@typescript/typescript-linux-arm@7.0.1-rc':
    resolution: {integrity: sha512-gHmHwT5Naq5CKM8g9bbaGeEpnwQEvWCLn3fwP4K2m61VQdDKkPk0Dhab/OoZ4LV2SrMddmclYXTzpyg23YGt5g==}
    engines: {node: '>=16.20.0'}
    cpu: [arm]
    os: [linux]

  '@typescript/typescript-linux-loong64@7.0.1-rc':
    resolution: {integrity: sha512-G17Sao312rgiPBTh2F4nOpLpa3CcnBSaNhqNghZk2LNhnsp1RaMO5HMq2me21gqu9xLpc6CIgHtOzU6JBgNlfg==}
    engines: {node: '>=16.20.0'}
    cpu: [loong64]
    os: [linux]

  '@typescript/typescript-linux-mips64el@7.0.1-rc':
    resolution: {integrity: sha512-0FQspOb5UsQ4tQKvWgUO3pS9OIWkP7/8dPRWq+CRazJUeQZ4LBjtYK52jg5iIOrvItrVl2CwvRtrU3/9OihwJg==}
    engines: {node: '>=16.20.0'}
    cpu: [mips64el]
    os: [linux]

  '@typescript/typescript-linux-ppc64@7.0.1-rc':
    resolution: {integrity: sha512-SUmwfVBEv6A2Ld0eWfcvW0FqrgemfQL8jFGOmV1qYxsDqumjE5DekHXqbstgmbE4SHr4rrjHjvmuGCY+kTH/vw==}
    engines: {node: '>=16.20.0'}
    cpu: [ppc64]
    os: [linux]

  '@typescript/typescript-linux-riscv64@7.0.1-rc':
    resolution: {integrity: sha512-rxeqnNnGiYzv/LlPHi/3+4p0ooR1cNJLjRIHXKovtiVmxXGJq6gtw8VSpbHuWPekyFMXgIAoLCZN0SQ51rAALQ==}
    engines: {node: '>=16.20.0'}
    cpu: [riscv64]
    os: [linux]

  '@typescript/typescript-linux-s390x@7.0.1-rc':
    resolution: {integrity: sha512-RYWCHCiPypxajdRHM2CNK/eM22e4Ex5TTjV2pXf7PTtBowGr0xX8i8kIMknyZS0LX2QfleYHouaoMVsFDSle3g==}
    engines: {node: '>=16.20.0'}
    cpu: [s390x]
    os: [linux]

  '@typescript/typescript-linux-x64@7.0.1-rc':
    resolution: {integrity: sha512-PfLJSu0JzroDkqw2m4nqflPEcn8yev0m/vHFQlY9EzHorzjR6QG0wL8AJHvnD1e6h1s76AZngJ5u+z1K/D/HKw==}
    engines: {node: '>=16.20.0'}
    cpu: [x64]
    os: [linux]

  '@typescript/typescript-netbsd-arm64@7.0.1-rc':
    resolution: {integrity: sha512-FfbPxH3dTfp8yVIaNM7bdWTixXuyxpzoemluqcqMROSIz+ImpCG3Q9HO9Ptzp9/giv+P9YYEnCMSXh61migj2w==}
    engines: {node: '>=16.20.0'}
    cpu: [arm64]
    os: [netbsd]

  '@typescript/typescript-netbsd-x64@7.0.1-rc':
    resolution: {integrity: sha512-FzdTfSzhRYb6hlav6K3cI5RVgcvCTvNAu/vc+t7B6AmZkThQ+t/1ntnvT5fnHmY1Az2RIBw7/b+qtCEG61HJTQ==}
    engines: {node: '>=16.20.0'}
    cpu: [x64]
    os: [netbsd]

  '@typescript/typescript-openbsd-arm64@7.0.1-rc':
    resolution: {integrity: sha512-PQGhlxfNig+0YQ9Wwzd0USPBkt6w/ZqkBQWsU7G/0JkTzunJel+jSWwhKw4947pak/m7hGSeYiI04xReDLGZww==}
    engines: {node: '>=16.20.0'}
    cpu: [arm64]
    os: [openbsd]

  '@typescript/typescript-openbsd-x64@7.0.1-rc':
    resolution: {integrity: sha512-WJ7NYgO2mHmLUkI/tZ+hl8lFd26QPJqO8ONOHNuYbdsybLvSB6B6sep222JIVrOfPRDGvFinbGGB+l3m1FWRWA==}
    engines: {node: '>=16.20.0'}
    cpu: [x64]
    os: [openbsd]

  '@typescript/typescript-sunos-x64@7.0.1-rc':
    resolution: {integrity: sha512-UYjDeUxd765V9qcwlUPk4pEXyL0i3G76CJm9baK4i99u1pGO1psf3nXDw4MMmElVOPvGbZag99ZR/O59E2OX6w==}
    engines: {node: '>=16.20.0'}
    cpu: [x64]
    os: [sunos]

  '@typescript/typescript-win32-arm64@7.0.1-rc':
    resolution: {integrity: sha512-KzXzFSXZOm7zvEt2Aw0MsB2LbTL88znAiVqTDNAOHdlEb7brgmUQh/X2wM/8Be+N0fjEqWKl65cBKNwpWEbJiw==}
    engines: {node: '>=16.20.0'}
    cpu: [arm64]
    os: [win32]

  '@typescript/typescript-win32-x64@7.0.1-rc':
    resolution: {integrity: sha512-98R3+OqDr/r0/PLWEoXu88AE0lGVLNd335Ew8ONgzK1JWkNs4ou/5BGt3Or1ij4iXjH+c7PRL+jFjCbtWze+EA==}
    engines: {node: '>=16.20.0'}
    cpu: [x64]
    os: [win32]

  gunshi@0.35.1:
    resolution: {integrity: sha512-Fn+IZReFITpU1lfjLdQG9WXk5+NqolwR1Q6gnSeEicstlZZfVKqnANCo4YbR4ml3/4JkyJSi3vYmxb9XdCeN3g==}
    engines: {node: '>= 22'}

  openai@6.45.0:
    resolution: {integrity: sha512-5DQVNErssk0afNpTTHUm/qZPU4iKR9OYdNid8Ib4puq4gHNNvGWZht2zY4h9a8JMF949Ik6m8gQutllVPbjdnw==}
    peerDependencies:
      '@aws-sdk/credential-provider-node': '>=3.972.0 <4'
      '@smithy/hash-node': '>=4.3.0 <5'
      '@smithy/signature-v4': '>=5.4.0 <6'
      ws: ^8.18.0
      zod: ^3.25 || ^4.0
    peerDependenciesMeta:
      '@aws-sdk/credential-provider-node':
        optional: true
      '@smithy/hash-node':
        optional: true
      '@smithy/signature-v4':
        optional: true
      ws:
        optional: true
      zod:
        optional: true

  partial-json@0.1.7:
    resolution: {integrity: sha512-Njv/59hHaokb/hRUjce3Hdv12wd60MtM9Z5Olmn+nehe0QDAsRtRbJPvJ0Z91TusF0SuZRIvnM+S4l6EIP8leA==}

  typescript@7.0.1-rc:
    resolution: {integrity: sha512-drEP77wK7CCDlPfXZH4e008UUQOsw1DFmHmZOZjuNA+yoDLLnSNMZRXi90NbV/1LVo7SbNLq1bs3jjvk49TEqQ==}
    engines: {node: '>=16.20.0'}
    hasBin: true

  zod@3.25.76:
    resolution: {integrity: sha512-gzUt/qt81nXsFGKIFcC3YnfEAx5NkunCfnDlvuBSSFS02bcXu4Lmea0AFIUwbLWxWPx3d9p8S5QoaujKcNQxcQ==}

snapshots:

  '@ag-ui/core@0.0.52':
    dependencies:
      zod: 3.25.76

  '@standard-schema/spec@1.1.0': {}

  '@tanstack/ai-event-client@0.6.8':
    dependencies:
      '@tanstack/devtools-event-client': 0.4.4

  '@tanstack/ai-openai@0.15.8(@tanstack/ai@0.37.0)(zod@3.25.76)':
    dependencies:
      '@tanstack/ai': 0.37.0
      '@tanstack/ai-utils': 0.3.1
      '@tanstack/openai-base': 0.9.4(@tanstack/ai@0.37.0)(zod@3.25.76)
      openai: 6.45.0(zod@3.25.76)
      zod: 3.25.76
    transitivePeerDependencies:
      - '@aws-sdk/credential-provider-node'
      - '@smithy/hash-node'
      - '@smithy/signature-v4'
      - ws

  '@tanstack/ai-utils@0.3.1': {}

  '@tanstack/ai@0.37.0':
    dependencies:
      '@ag-ui/core': 0.0.52
      '@standard-schema/spec': 1.1.0
      '@tanstack/ai-event-client': 0.6.8
      '@tanstack/ai-utils': 0.3.1
      partial-json: 0.1.7

  '@tanstack/devtools-event-client@0.4.4': {}

  '@tanstack/openai-base@0.9.4(@tanstack/ai@0.37.0)(zod@3.25.76)':
    dependencies:
      '@tanstack/ai': 0.37.0
      '@tanstack/ai-utils': 0.3.1
      openai: 6.45.0(zod@3.25.76)
    transitivePeerDependencies:
      - '@aws-sdk/credential-provider-node'
      - '@smithy/hash-node'
      - '@smithy/signature-v4'
      - ws
      - zod

  '@typescript/typescript-aix-ppc64@7.0.1-rc':
    optional: true

  '@typescript/typescript-darwin-arm64@7.0.1-rc':
    optional: true

  '@typescript/typescript-darwin-x64@7.0.1-rc':
    optional: true

  '@typescript/typescript-freebsd-arm64@7.0.1-rc':
    optional: true

  '@typescript/typescript-freebsd-x64@7.0.1-rc':
    optional: true

  '@typescript/typescript-linux-arm64@7.0.1-rc':
    optional: true

  '@typescript/typescript-linux-arm@7.0.1-rc':
    optional: true

  '@typescript/typescript-linux-loong64@7.0.1-rc':
    optional: true

  '@typescript/typescript-linux-mips64el@7.0.1-rc':
    optional: true

  '@typescript/typescript-linux-ppc64@7.0.1-rc':
    optional: true

  '@typescript/typescript-linux-riscv64@7.0.1-rc':
    optional: true

  '@typescript/typescript-linux-s390x@7.0.1-rc':
    optional: true

  '@typescript/typescript-linux-x64@7.0.1-rc':
    optional: true

  '@typescript/typescript-netbsd-arm64@7.0.1-rc':
    optional: true

  '@typescript/typescript-netbsd-x64@7.0.1-rc':
    optional: true

  '@typescript/typescript-openbsd-arm64@7.0.1-rc':
    optional: true

  '@typescript/typescript-openbsd-x64@7.0.1-rc':
    optional: true

  '@typescript/typescript-sunos-x64@7.0.1-rc':
    optional: true

  '@typescript/typescript-win32-arm64@7.0.1-rc':
    optional: true

  '@typescript/typescript-win32-x64@7.0.1-rc':
    optional: true

  gunshi@0.35.1: {}

  openai@6.45.0(zod@3.25.76):
    optionalDependencies:
      zod: 3.25.76

  partial-json@0.1.7: {}

  typescript@7.0.1-rc:
    optionalDependencies:
      '@typescript/typescript-aix-ppc64': 7.0.1-rc
      '@typescript/typescript-darwin-arm64': 7.0.1-rc
      '@typescript/typescript-darwin-x64': 7.0.1-rc
      '@typescript/typescript-freebsd-arm64': 7.0.1-rc
      '@typescript/typescript-freebsd-x64': 7.0.1-rc
      '@typescript/typescript-linux-arm': 7.0.1-rc
      '@typescript/typescript-linux-arm64': 7.0.1-rc
      '@typescript/typescript-linux-loong64': 7.0.1-rc
      '@typescript/typescript-linux-mips64el': 7.0.1-rc
      '@typescript/typescript-linux-ppc64': 7.0.1-rc
      '@typescript/typescript-linux-riscv64': 7.0.1-rc
      '@typescript/typescript-linux-s390x': 7.0.1-rc
      '@typescript/typescript-linux-x64': 7.0.1-rc
      '@typescript/typescript-netbsd-arm64': 7.0.1-rc
      '@typescript/typescript-netbsd-x64': 7.0.1-rc
      '@typescript/typescript-openbsd-arm64': 7.0.1-rc
      '@typescript/typescript-openbsd-x64': 7.0.1-rc
      '@typescript/typescript-sunos-x64': 7.0.1-rc
      '@typescript/typescript-win32-arm64': 7.0.1-rc
      '@typescript/typescript-win32-x64': 7.0.1-rc

  zod@3.25.76: {}
